
Microsoft Visual Studio Solution File, Format Version 12.00
# Visual Studio 15
VisualStudioVersion = 15.0.26124.0
MinimumVisualStudioVersion = 15.0.26124.0
Project("{FAE04EC0-301F-11D3-BF4B-00C04F79EFBC}") = "ApiItau.Api", "src\ApiItau.Api\ApiItau.Api.csproj", "{B8261D14-C937-407B-8AE4-62FA2666E2ED}"
EndProject
Project("{FAE04EC0-301F-11D3-BF4B-00C04F79EFBC}") = "ApiItau.Tests", "src\ApiItau.Tests\ApiItau.Tests.csproj", "{1D5D456D-536A-4166-BCB7-7A4D6CA16C08}"
EndProject
Project("{FAE04EC0-301F-11D3-BF4B-00C04F79EFBC}") = "ApiItau.Business", "src\ApiItau.Business\ApiItau.Business.csproj", "{EED6F770-4381-4689-A47B-D8B5A115940A}"
EndProject
Global
	GlobalSection(SolutionConfigurationPlatforms) = preSolution
		Debug|Any CPU = Debug|Any CPU
		Debug|x64 = Debug|x64
		Debug|x86 = Debug|x86
		Release|Any CPU = Release|Any CPU
		Release|x64 = Release|x64
		Release|x86 = Release|x86
	EndGlobalSection
	GlobalSection(SolutionProperties) = preSolution
		HideSolutionNode = FALSE
	EndGlobalSection
	GlobalSection(ProjectConfigurationPlatforms) = postSolution
		{B8261D14-C937-407B-8AE4-62FA2666E2ED}.Debug|Any CPU.ActiveCfg = Debug|Any CPU
		{B8261D14-C937-407B-8AE4-62FA2666E2ED}.Debug|Any CPU.Build.0 = Debug|Any CPU
		{B8261D14-C937-407B-8AE4-62FA2666E2ED}.Debug|x64.ActiveCfg = Debug|Any CPU
		{B8261D14-C937-407B-8AE4-62FA2666E2ED}.Debug|x64.Build.0 = Debug|Any CPU
		{B8261D14-C937-407B-8AE4-62FA2666E2ED}.Debug|x86.ActiveCfg = Debug|Any CPU
		{B8261D14-C937-407B-8AE4-62FA2666E2ED}.Debug|x86.Build.0 = Debug|Any CPU
		{B8261D14-C937-407B-8AE4-62FA2666E2ED}.Release|Any CPU.ActiveCfg = Release|Any CPU
		{B8261D14-C937-407B-8AE4-62FA2666E2ED}.Release|Any CPU.Build.0 = Release|Any CPU
		{B8261D14-C937-407B-8AE4-62FA2666E2ED}.Release|x64.ActiveCfg = Release|Any CPU
		{B8261D14-C937-407B-8AE4-62FA2666E2ED}.Release|x64.Build.0 = Release|Any CPU
		{B8261D14-C937-407B-8AE4-62FA2666E2ED}.Release|x86.ActiveCfg = Release|Any CPU
		{B8261D14-C937-407B-8AE4-62FA2666E2ED}.Release|x86.Build.0 = Release|Any CPU
		{1D5D456D-536A-4166-BCB7-7A4D6CA16C08}.Debug|Any CPU.ActiveCfg = Debug|Any CPU
		{1D5D456D-536A-4166-BCB7-7A4D6CA16C08}.Debug|Any CPU.Build.0 = Debug|Any CPU
		{1D5D456D-536A-4166-BCB7-7A4D6CA16C08}.Debug|x64.ActiveCfg = Debug|Any CPU
		{1D5D456D-536A-4166-BCB7-7A4D6CA16C08}.Debug|x64.Build.0 = Debug|Any CPU
		{1D5D456D-536A-4166-BCB7-7A4D6CA16C08}.Debug|x86.ActiveCfg = Debug|Any CPU
		{1D5D456D-536A-4166-BCB7-7A4D6CA16C08}.Debug|x86.Build.0 = Debug|Any CPU
		{1D5D456D-536A-4166-BCB7-7A4D6CA16C08}.Release|Any CPU.ActiveCfg = Release|Any CPU
		{1D5D456D-536A-4166-BCB7-7A4D6CA16C08}.Release|Any CPU.Build.0 = Release|Any CPU
		{1D5D456D-536A-4166-BCB7-7A4D6CA16C08}.Release|x64.ActiveCfg = Release|Any CPU
		{1D5D456D-536A-4166-BCB7-7A4D6CA16C08}.Release|x64.Build.0 = Release|Any CPU
		{1D5D456D-536A-4166-BCB7-7A4D6CA16C08}.Release|x86.ActiveCfg = Release|Any CPU
		{1D5D456D-536A-4166-BCB7-7A4D6CA16C08}.Release|x86.Build.0 = Release|Any CPU
		{EED6F770-4381-4689-A47B-D8B5A115940A}.Debug|Any CPU.ActiveCfg = Debug|Any CPU
		{EED6F770-4381-4689-A47B-D8B5A115940A}.Debug|Any CPU.Build.0 = Debug|Any CPU
		{EED6F770-4381-4689-A47B-D8B5A115940A}.Debug|x64.ActiveCfg = Debug|Any CPU
		{EED6F770-4381-4689-A47B-D8B5A115940A}.Debug|x64.Build.0 = Debug|Any CPU
		{EED6F770-4381-4689-A47B-D8B5A115940A}.Debug|x86.ActiveCfg = Debug|Any CPU
		{EED6F770-4381-4689-A47B-D8B5A115940A}.Debug|x86.Build.0 = Debug|Any CPU
		{EED6F770-4381-4689-A47B-D8B5A115940A}.Release|Any CPU.ActiveCfg = Release|Any CPU
		{EED6F770-4381-4689-A47B-D8B5A115940A}.Release|Any CPU.Build.0 = Release|Any CPU
		{EED6F770-4381-4689-A47B-D8B5A115940A}.Release|x64.ActiveCfg = Release|Any CPU
		{EED6F770-4381-4689-A47B-D8B5A115940A}.Release|x64.Build.0 = Release|Any CPU
		{EED6F770-4381-4689-A47B-D8B5A115940A}.Release|x86.ActiveCfg = Release|Any CPU
		{EED6F770-4381-4689-A47B-D8B5A115940A}.Release|x86.Build.0 = Release|Any CPU
	EndGlobalSection
EndGlobal
